speakeasyVersion: 1.763.1
sources:
    Data API:
        sourceNamespace: data-api-2026-01
        sourceRevisionDigest: sha256:1691f9d6d3ef087acfe0f5fe98f3673d96f06a061b462b731c7dee38d05472fb
        sourceBlobDigest: sha256:522581c3a7b06361c478ab9cd0e37b35242eae33125bae0d20c8df3601e38bf1
        tags:
            - latest
            - 2026.01.0
targets:
    wistia:
        source: Data API
        sourceNamespace: data-api-2026-01
        sourceRevisionDigest: sha256:1691f9d6d3ef087acfe0f5fe98f3673d96f06a061b462b731c7dee38d05472fb
        sourceBlobDigest: sha256:522581c3a7b06361c478ab9cd0e37b35242eae33125bae0d20c8df3601e38bf1
        codeSamplesNamespace: data-api-2026-01-typescript-code-samples
        codeSamplesRevisionDigest: sha256:57dda42a0c39c205223d8915706e9086740da632b52b55a32ff9bed48a2fe4f8
workflow:
    workflowVersion: 1.0.0
    speakeasyVersion: latest
    sources:
        Data API:
            inputs:
                - location: https://wistia.github.io/wistia/api/openapi-upload.yaml
                - location: https://wistia.github.io/wistia/api/openapi-2026-01.yaml
            overlays:
                - location: .speakeasy/speakeasy-modifications-overlay.yaml
            output: .speakeasy/out.openapi.yaml
            registry:
                location: registry.speakeasyapi.dev/wistia/wistia/data-api-2026-01
    targets:
        wistia:
            target: typescript
            source: Data API
            publish:
                npm:
                    token: $npm_token
            codeSamples:
                output: code-samples.yaml
                registry:
                    location: registry.speakeasyapi.dev/wistia/wistia/data-api-2026-01-typescript-code-samples
                style: readme
                langOverride: javascript
                labelOverride:
                    fixedValue: Typescript (SDK)
                blocking: false
