speakeasyVersion: 1.760.0
sources:
    Data API:
        sourceNamespace: data-api
        sourceRevisionDigest: sha256:626d2f8feb11a14fe2e90261c66e16e27a8d2e0c33286bef155b749357750b59
        sourceBlobDigest: sha256:7dea3ae16ca56ec329746052ed202135f97a95aa094cf25b525a2c25e40e8602
        tags:
            - latest
            - 2026.01.0
targets:
    wistia:
        source: Data API
        sourceNamespace: data-api
        sourceRevisionDigest: sha256:626d2f8feb11a14fe2e90261c66e16e27a8d2e0c33286bef155b749357750b59
        sourceBlobDigest: sha256:7dea3ae16ca56ec329746052ed202135f97a95aa094cf25b525a2c25e40e8602
        codeSamplesNamespace: data-api-typescript-code-samples
        codeSamplesRevisionDigest: sha256:8f5419904c7c8b422b96a3d1733403a0916ae3261e0d510a5f43da041977ea34
workflow:
    workflowVersion: 1.0.0
    speakeasyVersion: latest
    sources:
        Data API:
            inputs:
                - location: https://wistia.github.io/wistia/api/openapi-upload.yaml
                - location: https://wistia.github.io/wistia/api/openapi-latest.yaml
            overlays:
                - location: .speakeasy/speakeasy-modifications-overlay.yaml
                - location: .speakeasy/servers-overlay.yaml
            output: .speakeasy/out.openapi.yaml
            registry:
                location: registry.speakeasyapi.dev/wistia/wistia/data-api
        upload-api:
            inputs:
                - location: https://wistia.github.io/wistia/api/openapi-upload.yaml
    targets:
        wistia:
            target: typescript
            source: Data API
            publish:
                npm:
                    token: $npm_token
            codeSamples:
                output: code-samples.yaml
                registry:
                    location: registry.speakeasyapi.dev/wistia/wistia/data-api-typescript-code-samples
                labelOverride:
                    fixedValue: Typescript (SDK)
                blocking: false
