speakeasyVersion: 1.680.12
sources:
    Data API:
        sourceNamespace: data-api
        sourceRevisionDigest: sha256:f800eedc707340b3da5c3d625fdeaacb705f7ec567ec03e6e45371540f18c066
        sourceBlobDigest: sha256:8697326f81e074eadce3f0d84fb51b2733e4a6ad5004b741d948a1e1f85034cd
        tags:
            - latest
            - speakeasy-sdk-regen-1761610361
            - 2025.11.0
targets:
    wistia:
        source: Data API
        sourceNamespace: data-api
        sourceRevisionDigest: sha256:f800eedc707340b3da5c3d625fdeaacb705f7ec567ec03e6e45371540f18c066
        sourceBlobDigest: sha256:8697326f81e074eadce3f0d84fb51b2733e4a6ad5004b741d948a1e1f85034cd
        codeSamplesNamespace: data-api-typescript-code-samples
        codeSamplesRevisionDigest: sha256:ed5e31223aa215a39a20fe834babb6e3ccc1063dbfaaed87f613be0d588a3319
workflow:
    workflowVersion: 1.0.0
    speakeasyVersion: latest
    sources:
        Data API:
            inputs:
                - location: https://wistia.github.io/wistia/api/openapi-upload.yaml
                - location: https://wistia.github.io/wistia/api/openapi-latest.yaml
            overlays:
                - location: .speakeasy/speakeasy-modifications-overlay.yaml
                - location: .speakeasy/servers-overlay.yaml
            output: .speakeasy/out.openapi.yaml
            registry:
                location: registry.speakeasyapi.dev/wistia/wistia/data-api
        upload-api:
            inputs:
                - location: https://wistia.github.io/wistia/api/openapi-upload.yaml
    targets:
        wistia:
            target: typescript
            source: Data API
            publish:
                npm:
                    token: $npm_token
            codeSamples:
                output: code-samples.yaml
                registry:
                    location: registry.speakeasyapi.dev/wistia/wistia/data-api-typescript-code-samples
                labelOverride:
                    fixedValue: Typescript (SDK)
                blocking: false
